// !$*UTF8*$!
{
	archiveVersion = 1;
	classes = {
	};
	objectVersion = 46;
	objects = {

/* Begin PBXBuildFile section */
		3A0A341F13A7A2E8007FFFFB /* SearchDetailsViewController.m in Sources */ = {isa = PBXBuildFile; fileRef = 3A0A341D13A7A2E7007FFFFB /* SearchDetailsViewController.m */; };
		3A0A342013A7A2E8007FFFFB /* SearchDetailsViewController.xib in Resources */ = {isa = PBXBuildFile; fileRef = 3A0A341E13A7A2E8007FFFFB /* SearchDetailsViewController.xib */; };
		3A0A342713A7D3B7007FFFFB /* AddressBook.framework in Frameworks */ = {isa = PBXBuildFile; fileRef = 3A0A342613A7D3B7007FFFFB /* AddressBook.framework */; };
		3A0A342913A7D3BD007FFFFB /* AddressBookUI.framework in Frameworks */ = {isa = PBXBuildFile; fileRef = 3A0A342813A7D3BD007FFFFB /* AddressBookUI.framework */; };
		3A0A342C13A7F64F007FFFFB /* Person.m in Sources */ = {isa = PBXBuildFile; fileRef = 3A0A342B13A7F64F007FFFFB /* Person.m */; };
		3A0A343213A7F650007FFFFB /* Group.m in Sources */ = {isa = PBXBuildFile; fileRef = 3A0A343113A7F650007FFFFB /* Group.m */; };
		3A0A343613A7F766007FFFFB /* Record.m in Sources */ = {isa = PBXBuildFile; fileRef = 3A0A343513A7F766007FFFFB /* Record.m */; };
		3A20ECCA13A24C85009BC127 /* SearchTableViewController.m in Sources */ = {isa = PBXBuildFile; fileRef = 3A20ECC813A24C85009BC127 /* SearchTableViewController.m */; };
		3A20ECCB13A24C85009BC127 /* SearchTableViewController.xib in Resources */ = {isa = PBXBuildFile; fileRef = 3A20ECC913A24C85009BC127 /* SearchTableViewController.xib */; };
		3A53A06213A91755001972AD /* SurveyTableViewController.m in Sources */ = {isa = PBXBuildFile; fileRef = 3A53A06013A91755001972AD /* SurveyTableViewController.m */; };
		3A53A06313A91755001972AD /* SurveyTableViewController.xib in Resources */ = {isa = PBXBuildFile; fileRef = 3A53A06113A91755001972AD /* SurveyTableViewController.xib */; };
		3A53A06D13A91EAD001972AD /* PeoplePicker.m in Sources */ = {isa = PBXBuildFile; fileRef = 3A53A06B13A91EAD001972AD /* PeoplePicker.m */; };
		3A53A06E13A91EAD001972AD /* PeoplePicker.xib in Resources */ = {isa = PBXBuildFile; fileRef = 3A53A06C13A91EAD001972AD /* PeoplePicker.xib */; };
		3A56FD7813A2296400B87EEC /* UIKit.framework in Frameworks */ = {isa = PBXBuildFile; fileRef = 3A56FD7713A2296400B87EEC /* UIKit.framework */; };
		3A56FD7A13A2296400B87EEC /* Foundation.framework in Frameworks */ = {isa = PBXBuildFile; fileRef = 3A56FD7913A2296400B87EEC /* Foundation.framework */; };
		3A56FD7C13A2296400B87EEC /* CoreGraphics.framework in Frameworks */ = {isa = PBXBuildFile; fileRef = 3A56FD7B13A2296400B87EEC /* CoreGraphics.framework */; };
		3A56FD7E13A2296400B87EEC /* CoreData.framework in Frameworks */ = {isa = PBXBuildFile; fileRef = 3A56FD7D13A2296400B87EEC /* CoreData.framework */; };
		3A56FD8413A2296400B87EEC /* InfoPlist.strings in Resources */ = {isa = PBXBuildFile; fileRef = 3A56FD8213A2296400B87EEC /* InfoPlist.strings */; };
		3A56FD8713A2296400B87EEC /* main.m in Sources */ = {isa = PBXBuildFile; fileRef = 3A56FD8613A2296400B87EEC /* main.m */; };
		3A56FD8A13A2296500B87EEC /* LetstreamAppDelegate.m in Sources */ = {isa = PBXBuildFile; fileRef = 3A56FD8913A2296500B87EEC /* LetstreamAppDelegate.m */; };
		3A56FD8D13A2296500B87EEC /* Letstream.xcdatamodeld in Sources */ = {isa = PBXBuildFile; fileRef = 3A56FD8B13A2296500B87EEC /* Letstream.xcdatamodeld */; };
		3A56FD9113A2296500B87EEC /* LetstreamAppDelegate_iPhone.m in Sources */ = {isa = PBXBuildFile; fileRef = 3A56FD9013A2296500B87EEC /* LetstreamAppDelegate_iPhone.m */; };
		3A56FD9413A2296500B87EEC /* MainWindow_iPhone.xib in Resources */ = {isa = PBXBuildFile; fileRef = 3A56FD9213A2296500B87EEC /* MainWindow_iPhone.xib */; };
		3A56FD9813A2296500B87EEC /* LetstreamAppDelegate_iPad.m in Sources */ = {isa = PBXBuildFile; fileRef = 3A56FD9713A2296500B87EEC /* LetstreamAppDelegate_iPad.m */; };
		3A56FD9B13A2296500B87EEC /* MainWindow_iPad.xib in Resources */ = {isa = PBXBuildFile; fileRef = 3A56FD9913A2296500B87EEC /* MainWindow_iPad.xib */; };
		3ADB9B7213A87F410050BF7C /* Tag.m in Sources */ = {isa = PBXBuildFile; fileRef = 3ADB9B7113A87F410050BF7C /* Tag.m */; };
		3ADB9B7513A885AB0050BF7C /* SearchDetailsSection.m in Sources */ = {isa = PBXBuildFile; fileRef = 3ADB9B7413A885AB0050BF7C /* SearchDetailsSection.m */; };
		3ADB9B7D13A90AC00050BF7C /* Settings.bundle in Resources */ = {isa = PBXBuildFile; fileRef = 3ADB9B7C13A90AC00050BF7C /* Settings.bundle */; };
/* End PBXBuildFile section */

/* Begin PBXFileReference section */
		3A0A341C13A7A2E7007FFFFB /* SearchDetailsViewController.h */ = {isa = PBXFileReference; fileEncoding = 4; lastKnownFileType = sourcecode.c.h; lineEnding = 0; path = SearchDetailsViewController.h; sourceTree = "<group>"; xcLanguageSpecificationIdentifier = xcode.lang.objcpp; };
		3A0A341D13A7A2E7007FFFFB /* SearchDetailsViewController.m */ = {isa = PBXFileReference; fileEncoding = 4; lastKnownFileType = sourcecode.c.objc; lineEnding = 0; path = SearchDetailsViewController.m; sourceTree = "<group>"; xcLanguageSpecificationIdentifier = xcode.lang.objc; };
		3A0A341E13A7A2E8007FFFFB /* SearchDetailsViewController.xib */ = {isa = PBXFileReference; fileEncoding = 4; lastKnownFileType = file.xib; path = SearchDetailsViewController.xib; sourceTree = "<group>"; };
		3A0A342613A7D3B7007FFFFB /* AddressBook.framework */ = {isa = PBXFileReference; lastKnownFileType = wrapper.framework; name = AddressBook.framework; path = System/Library/Frameworks/AddressBook.framework; sourceTree = SDKROOT; };
		3A0A342813A7D3BD007FFFFB /* AddressBookUI.framework */ = {isa = PBXFileReference; lastKnownFileType = wrapper.framework; name = AddressBookUI.framework; path = System/Library/Frameworks/AddressBookUI.framework; sourceTree = SDKROOT; };
		3A0A342A13A7F64F007FFFFB /* Person.h */ = {isa = PBXFileReference; fileEncoding = 4; lastKnownFileType = sourcecode.c.h; path = Person.h; sourceTree = "<group>"; };
		3A0A342B13A7F64F007FFFFB /* Person.m */ = {isa = PBXFileReference; fileEncoding = 4; lastKnownFileType = sourcecode.c.objc; path = Person.m; sourceTree = "<group>"; };
		3A0A343013A7F650007FFFFB /* Group.h */ = {isa = PBXFileReference; fileEncoding = 4; lastKnownFileType = sourcecode.c.h; path = Group.h; sourceTree = "<group>"; };
		3A0A343113A7F650007FFFFB /* Group.m */ = {isa = PBXFileReference; fileEncoding = 4; lastKnownFileType = sourcecode.c.objc; path = Group.m; sourceTree = "<group>"; };
		3A0A343413A7F766007FFFFB /* Record.h */ = {isa = PBXFileReference; fileEncoding = 4; lastKnownFileType = sourcecode.c.h; path = Record.h; sourceTree = "<group>"; };
		3A0A343513A7F766007FFFFB /* Record.m */ = {isa = PBXFileReference; fileEncoding = 4; lastKnownFileType = sourcecode.c.objc; path = Record.m; sourceTree = "<group>"; };
		3A20ECC713A24C85009BC127 /* SearchTableViewController.h */ = {isa = PBXFileReference; fileEncoding = 4; lastKnownFileType = sourcecode.c.h; lineEnding = 0; path = SearchTableViewController.h; sourceTree = "<group>"; xcLanguageSpecificationIdentifier = xcode.lang.objcpp; };
		3A20ECC813A24C85009BC127 /* SearchTableViewController.m */ = {isa = PBXFileReference; fileEncoding = 4; lastKnownFileType = sourcecode.c.objc; lineEnding = 0; path = SearchTableViewController.m; sourceTree = "<group>"; xcLanguageSpecificationIdentifier = xcode.lang.objc; };
		3A20ECC913A24C85009BC127 /* SearchTableViewController.xib */ = {isa = PBXFileReference; fileEncoding = 4; lastKnownFileType = file.xib; path = SearchTableViewController.xib; sourceTree = "<group>"; };
		3A53A05F13A91755001972AD /* SurveyTableViewController.h */ = {isa = PBXFileReference; fileEncoding = 4; lastKnownFileType = sourcecode.c.h; path = SurveyTableViewController.h; sourceTree = "<group>"; };
		3A53A06013A91755001972AD /* SurveyTableViewController.m */ = {isa = PBXFileReference; fileEncoding = 4; lastKnownFileType = sourcecode.c.objc; path = SurveyTableViewController.m; sourceTree = "<group>"; };
		3A53A06113A91755001972AD /* SurveyTableViewController.xib */ = {isa = PBXFileReference; fileEncoding = 4; lastKnownFileType = file.xib; path = SurveyTableViewController.xib; sourceTree = "<group>"; };
		3A53A06A13A91EAD001972AD /* PeoplePicker.h */ = {isa = PBXFileReference; fileEncoding = 4; lastKnownFileType = sourcecode.c.h; path = PeoplePicker.h; sourceTree = "<group>"; };
		3A53A06B13A91EAD001972AD /* PeoplePicker.m */ = {isa = PBXFileReference; fileEncoding = 4; lastKnownFileType = sourcecode.c.objc; path = PeoplePicker.m; sourceTree = "<group>"; };
		3A53A06C13A91EAD001972AD /* PeoplePicker.xib */ = {isa = PBXFileReference; fileEncoding = 4; lastKnownFileType = file.xib; path = PeoplePicker.xib; sourceTree = "<group>"; };
		3A56FD7313A2296400B87EEC /* Letstream.app */ = {isa = PBXFileReference; explicitFileType = wrapper.application; includeInIndex = 0; path = Letstream.app; sourceTree = BUILT_PRODUCTS_DIR; };
		3A56FD7713A2296400B87EEC /* UIKit.framework */ = {isa = PBXFileReference; lastKnownFileType = wrapper.framework; name = UIKit.framework; path = System/Library/Frameworks/UIKit.framework; sourceTree = SDKROOT; };
		3A56FD7913A2296400B87EEC /* Foundation.framework */ = {isa = PBXFileReference; lastKnownFileType = wrapper.framework; name = Foundation.framework; path = System/Library/Frameworks/Foundation.framework; sourceTree = SDKROOT; };
		3A56FD7B13A2296400B87EEC /* CoreGraphics.framework */ = {isa = PBXFileReference; lastKnownFileType = wrapper.framework; name = CoreGraphics.framework; path = System/Library/Frameworks/CoreGraphics.framework; sourceTree = SDKROOT; };
		3A56FD7D13A2296400B87EEC /* CoreData.framework */ = {isa = PBXFileReference; lastKnownFileType = wrapper.framework; name = CoreData.framework; path = System/Library/Frameworks/CoreData.framework; sourceTree = SDKROOT; };
		3A56FD8113A2296400B87EEC /* Letstream-Info.plist */ = {isa = PBXFileReference; lastKnownFileType = text.plist.xml; path = "Letstream-Info.plist"; sourceTree = "<group>"; };
		3A56FD8313A2296400B87EEC /* en */ = {isa = PBXFileReference; lastKnownFileType = text.plist.strings; name = en; path = en.lproj/InfoPlist.strings; sourceTree = "<group>"; };
		3A56FD8513A2296400B87EEC /* Letstream-Prefix.pch */ = {isa = PBXFileReference; lastKnownFileType = sourcecode.c.h; path = "Letstream-Prefix.pch"; sourceTree = "<group>"; };
		3A56FD8613A2296400B87EEC /* main.m */ = {isa = PBXFileReference; lastKnownFileType = sourcecode.c.objc; path = main.m; sourceTree = "<group>"; };
		3A56FD8813A2296400B87EEC /* LetstreamAppDelegate.h */ = {isa = PBXFileReference; lastKnownFileType = sourcecode.c.h; path = LetstreamAppDelegate.h; sourceTree = "<group>"; };
		3A56FD8913A2296500B87EEC /* LetstreamAppDelegate.m */ = {isa = PBXFileReference; lastKnownFileType = sourcecode.c.objc; lineEnding = 0; path = LetstreamAppDelegate.m; sourceTree = "<group>"; xcLanguageSpecificationIdentifier = xcode.lang.objc; };
		3A56FD8C13A2296500B87EEC /* Letstream.xcdatamodel */ = {isa = PBXFileReference; lastKnownFileType = wrapper.xcdatamodel; path = Letstream.xcdatamodel; sourceTree = "<group>"; };
		3A56FD8F13A2296500B87EEC /* LetstreamAppDelegate_iPhone.h */ = {isa = PBXFileReference; lastKnownFileType = sourcecode.c.h; name = LetstreamAppDelegate_iPhone.h; path = iPhone/LetstreamAppDelegate_iPhone.h; sourceTree = "<group>"; };
		3A56FD9013A2296500B87EEC /* LetstreamAppDelegate_iPhone.m */ = {isa = PBXFileReference; lastKnownFileType = sourcecode.c.objc; name = LetstreamAppDelegate_iPhone.m; path = iPhone/LetstreamAppDelegate_iPhone.m; sourceTree = "<group>"; };
		3A56FD9313A2296500B87EEC /* en */ = {isa = PBXFileReference; lastKnownFileType = file.xib; name = en; path = iPhone/en.lproj/MainWindow_iPhone.xib; sourceTree = "<group>"; };
		3A56FD9613A2296500B87EEC /* LetstreamAppDelegate_iPad.h */ = {isa = PBXFileReference; lastKnownFileType = sourcecode.c.h; name = LetstreamAppDelegate_iPad.h; path = iPad/LetstreamAppDelegate_iPad.h; sourceTree = "<group>"; };
		3A56FD9713A2296500B87EEC /* LetstreamAppDelegate_iPad.m */ = {isa = PBXFileReference; lastKnownFileType = sourcecode.c.objc; name = LetstreamAppDelegate_iPad.m; path = iPad/LetstreamAppDelegate_iPad.m; sourceTree = "<group>"; };
		3A56FD9A13A2296500B87EEC /* en */ = {isa = PBXFileReference; lastKnownFileType = file.xib; name = en; path = iPad/en.lproj/MainWindow_iPad.xib; sourceTree = "<group>"; };
		3ADB9B7013A87F410050BF7C /* Tag.h */ = {isa = PBXFileReference; fileEncoding = 4; lastKnownFileType = sourcecode.c.h; lineEnding = 0; path = Tag.h; sourceTree = "<group>"; xcLanguageSpecificationIdentifier = xcode.lang.objcpp; };
		3ADB9B7113A87F410050BF7C /* Tag.m */ = {isa = PBXFileReference; fileEncoding = 4; lastKnownFileType = sourcecode.c.objc; lineEnding = 0; path = Tag.m; sourceTree = "<group>"; xcLanguageSpecificationIdentifier = xcode.lang.objc; };
		3ADB9B7313A885AB0050BF7C /* SearchDetailsSection.h */ = {isa = PBXFileReference; fileEncoding = 4; lastKnownFileType = sourcecode.c.h; path = SearchDetailsSection.h; sourceTree = "<group>"; };
		3ADB9B7413A885AB0050BF7C /* SearchDetailsSection.m */ = {isa = PBXFileReference; fileEncoding = 4; lastKnownFileType = sourcecode.c.objc; path = SearchDetailsSection.m; sourceTree = "<group>"; };
		3ADB9B7C13A90AC00050BF7C /* Settings.bundle */ = {isa = PBXFileReference; lastKnownFileType = "wrapper.plug-in"; path = Settings.bundle; sourceTree = "<group>"; };
/* End PBXFileReference section */

/* Begin PBXFrameworksBuildPhase section */
		3A56FD7013A2296400B87EEC /* Frameworks */ = {
			isa = PBXFrameworksBuildPhase;
			buildActionMask = 2147483647;
			files = (
				3A0A342913A7D3BD007FFFFB /* AddressBookUI.framework in Frameworks */,
				3A0A342713A7D3B7007FFFFB /* AddressBook.framework in Frameworks */,
				3A56FD7813A2296400B87EEC /* UIKit.framework in Frameworks */,
				3A56FD7A13A2296400B87EEC /* Foundation.framework in Frameworks */,
				3A56FD7C13A2296400B87EEC /* CoreGraphics.framework in Frameworks */,
				3A56FD7E13A2296400B87EEC /* CoreData.framework in Frameworks */,
			);
			runOnlyForDeploymentPostprocessing = 0;
		};
/* End PBXFrameworksBuildPhase section */

/* Begin PBXGroup section */
		3A0A342213A7A2EF007FFFFB /* Search */ = {
			isa = PBXGroup;
			children = (
				3A20ECC713A24C85009BC127 /* SearchTableViewController.h */,
				3A20ECC813A24C85009BC127 /* SearchTableViewController.m */,
				3A20ECC913A24C85009BC127 /* SearchTableViewController.xib */,
				3A0A341C13A7A2E7007FFFFB /* SearchDetailsViewController.h */,
				3A0A341D13A7A2E7007FFFFB /* SearchDetailsViewController.m */,
				3A0A341E13A7A2E8007FFFFB /* SearchDetailsViewController.xib */,
				3ADB9B7613A885B30050BF7C /* Sections */,
			);
			name = Search;
			sourceTree = "<group>";
		};
		3A0A343313A7F65A007FFFFB /* Model */ = {
			isa = PBXGroup;
			children = (
				3A56FD8B13A2296500B87EEC /* Letstream.xcdatamodeld */,
				3ADB9B7013A87F410050BF7C /* Tag.h */,
				3ADB9B7113A87F410050BF7C /* Tag.m */,
				3A0A343413A7F766007FFFFB /* Record.h */,
				3A0A343513A7F766007FFFFB /* Record.m */,
				3A0A343013A7F650007FFFFB /* Group.h */,
				3A0A343113A7F650007FFFFB /* Group.m */,
				3A0A342A13A7F64F007FFFFB /* Person.h */,
				3A0A342B13A7F64F007FFFFB /* Person.m */,
			);
			name = Model;
			sourceTree = "<group>";
		};
		3A53A05613A9167B001972AD /* Survey */ = {
			isa = PBXGroup;
			children = (
				3A53A05F13A91755001972AD /* SurveyTableViewController.h */,
				3A53A06013A91755001972AD /* SurveyTableViewController.m */,
				3A53A06113A91755001972AD /* SurveyTableViewController.xib */,
			);
			name = Survey;
			sourceTree = "<group>";
		};
		3A53A06913A91E8E001972AD /* Interface */ = {
			isa = PBXGroup;
			children = (
				3A53A06A13A91EAD001972AD /* PeoplePicker.h */,
				3A53A06B13A91EAD001972AD /* PeoplePicker.m */,
				3A53A06C13A91EAD001972AD /* PeoplePicker.xib */,
			);
			name = Interface;
			sourceTree = "<group>";
		};
		3A56FD6813A2296400B87EEC = {
			isa = PBXGroup;
			children = (
				3A56FD7F13A2296400B87EEC /* Letstream */,
				3A56FD7613A2296400B87EEC /* Frameworks */,
				3A56FD7413A2296400B87EEC /* Products */,
			);
			sourceTree = "<group>";
		};
		3A56FD7413A2296400B87EEC /* Products */ = {
			isa = PBXGroup;
			children = (
				3A56FD7313A2296400B87EEC /* Letstream.app */,
			);
			name = Products;
			sourceTree = "<group>";
		};
		3A56FD7613A2296400B87EEC /* Frameworks */ = {
			isa = PBXGroup;
			children = (
				3A0A342813A7D3BD007FFFFB /* AddressBookUI.framework */,
				3A0A342613A7D3B7007FFFFB /* AddressBook.framework */,
				3A56FD7713A2296400B87EEC /* UIKit.framework */,
				3A56FD7913A2296400B87EEC /* Foundation.framework */,
				3A56FD7B13A2296400B87EEC /* CoreGraphics.framework */,
				3A56FD7D13A2296400B87EEC /* CoreData.framework */,
			);
			name = Frameworks;
			sourceTree = "<group>";
		};
		3A56FD7F13A2296400B87EEC /* Letstream */ = {
			isa = PBXGroup;
			children = (
				3A56FD8013A2296400B87EEC /* Supporting Files */,
				3A56FD8E13A2296500B87EEC /* iPhone */,
				3A56FD9513A2296500B87EEC /* iPad */,
				3A56FD8813A2296400B87EEC /* LetstreamAppDelegate.h */,
				3A56FD8913A2296500B87EEC /* LetstreamAppDelegate.m */,
				3A53A06913A91E8E001972AD /* Interface */,
				3A0A343313A7F65A007FFFFB /* Model */,
				3A53A05613A9167B001972AD /* Survey */,
				3A0A342213A7A2EF007FFFFB /* Search */,
			);
			path = Letstream;
			sourceTree = "<group>";
		};
		3A56FD8013A2296400B87EEC /* Supporting Files */ = {
			isa = PBXGroup;
			children = (
				3ADB9B7C13A90AC00050BF7C /* Settings.bundle */,
				3A56FD8113A2296400B87EEC /* Letstream-Info.plist */,
				3A56FD8213A2296400B87EEC /* InfoPlist.strings */,
				3A56FD8513A2296400B87EEC /* Letstream-Prefix.pch */,
				3A56FD8613A2296400B87EEC /* main.m */,
			);
			name = "Supporting Files";
			sourceTree = "<group>";
		};
		3A56FD8E13A2296500B87EEC /* iPhone */ = {
			isa = PBXGroup;
			children = (
				3A56FD8F13A2296500B87EEC /* LetstreamAppDelegate_iPhone.h */,
				3A56FD9013A2296500B87EEC /* LetstreamAppDelegate_iPhone.m */,
				3A56FD9213A2296500B87EEC /* MainWindow_iPhone.xib */,
			);
			name = iPhone;
			sourceTree = "<group>";
		};
		3A56FD9513A2296500B87EEC /* iPad */ = {
			isa = PBXGroup;
			children = (
				3A56FD9613A2296500B87EEC /* LetstreamAppDelegate_iPad.h */,
				3A56FD9713A2296500B87EEC /* LetstreamAppDelegate_iPad.m */,
				3A56FD9913A2296500B87EEC /* MainWindow_iPad.xib */,
			);
			name = iPad;
			sourceTree = "<group>";
		};
		3ADB9B7613A885B30050BF7C /* Sections */ = {
			isa = PBXGroup;
			children = (
				3ADB9B7313A885AB0050BF7C /* SearchDetailsSection.h */,
				3ADB9B7413A885AB0050BF7C /* SearchDetailsSection.m */,
			);
			name = Sections;
			sourceTree = "<group>";
		};
/* End PBXGroup section */

/* Begin PBXNativeTarget section */
		3A56FD7213A2296400B87EEC /* Letstream */ = {
			isa = PBXNativeTarget;
			buildConfigurationList = 3A56FD9E13A2296500B87EEC /* Build configuration list for PBXNativeTarget "Letstream" */;
			buildPhases = (
				3A56FD6F13A2296400B87EEC /* Sources */,
				3A56FD7013A2296400B87EEC /* Frameworks */,
				3A56FD7113A2296400B87EEC /* Resources */,
			);
			buildRules = (
			);
			dependencies = (
			);
			name = Letstream;
			productName = Letstream;
			productReference = 3A56FD7313A2296400B87EEC /* Letstream.app */;
			productType = "com.apple.product-type.application";
		};
/* End PBXNativeTarget section */

/* Begin PBXProject section */
		3A56FD6A13A2296400B87EEC /* Project object */ = {
			isa = PBXProject;
			attributes = {
				ORGANIZATIONNAME = "Ultramentem & Vigorware";
			};
			buildConfigurationList = 3A56FD6D13A2296400B87EEC /* Build configuration list for PBXProject "Letstream" */;
			compatibilityVersion = "Xcode 3.2";
			developmentRegion = English;
			hasScannedForEncodings = 0;
			knownRegions = (
				en,
			);
			mainGroup = 3A56FD6813A2296400B87EEC;
			productRefGroup = 3A56FD7413A2296400B87EEC /* Products */;
			projectDirPath = "";
			projectRoot = "";
			targets = (
				3A56FD7213A2296400B87EEC /* Letstream */,
			);
		};
/* End PBXProject section */

/* Begin PBXResourcesBuildPhase section */
		3A56FD7113A2296400B87EEC /* Resources */ = {
			isa = PBXResourcesBuildPhase;
			buildActionMask = 2147483647;
			files = (
				3A56FD8413A2296400B87EEC /* InfoPlist.strings in Resources */,
				3A56FD9413A2296500B87EEC /* MainWindow_iPhone.xib in Resources */,
				3A56FD9B13A2296500B87EEC /* MainWindow_iPad.xib in Resources */,
				3A20ECCB13A24C85009BC127 /* SearchTableViewController.xib in Resources */,
				3A0A342013A7A2E8007FFFFB /* SearchDetailsViewController.xib in Resources */,
				3ADB9B7D13A90AC00050BF7C /* Settings.bundle in Resources */,
				3A53A06313A91755001972AD /* SurveyTableViewController.xib in Resources */,
				3A53A06E13A91EAD001972AD /* PeoplePicker.xib in Resources */,
			);
			runOnlyForDeploymentPostprocessing = 0;
		};
/* End PBXResourcesBuildPhase section */

/* Begin PBXSourcesBuildPhase section */
		3A56FD6F13A2296400B87EEC /* Sources */ = {
			isa = PBXSourcesBuildPhase;
			buildActionMask = 2147483647;
			files = (
				3A56FD8713A2296400B87EEC /* main.m in Sources */,
				3A56FD8A13A2296500B87EEC /* LetstreamAppDelegate.m in Sources */,
				3A56FD8D13A2296500B87EEC /* Letstream.xcdatamodeld in Sources */,
				3A56FD9113A2296500B87EEC /* LetstreamAppDelegate_iPhone.m in Sources */,
				3A56FD9813A2296500B87EEC /* LetstreamAppDelegate_iPad.m in Sources */,
				3A20ECCA13A24C85009BC127 /* SearchTableViewController.m in Sources */,
				3A0A341F13A7A2E8007FFFFB /* SearchDetailsViewController.m in Sources */,
				3A0A342C13A7F64F007FFFFB /* Person.m in Sources */,
				3A0A343213A7F650007FFFFB /* Group.m in Sources */,
				3A0A343613A7F766007FFFFB /* Record.m in Sources */,
				3ADB9B7213A87F410050BF7C /* Tag.m in Sources */,
				3ADB9B7513A885AB0050BF7C /* SearchDetailsSection.m in Sources */,
				3A53A06213A91755001972AD /* SurveyTableViewController.m in Sources */,
				3A53A06D13A91EAD001972AD /* PeoplePicker.m in Sources */,
			);
			runOnlyForDeploymentPostprocessing = 0;
		};
/* End PBXSourcesBuildPhase section */

/* Begin PBXVariantGroup section */
		3A56FD8213A2296400B87EEC /* InfoPlist.strings */ = {
			isa = PBXVariantGroup;
			children = (
				3A56FD8313A2296400B87EEC /* en */,
			);
			name = InfoPlist.strings;
			sourceTree = "<group>";
		};
		3A56FD9213A2296500B87EEC /* MainWindow_iPhone.xib */ = {
			isa = PBXVariantGroup;
			children = (
				3A56FD9313A2296500B87EEC /* en */,
			);
			name = MainWindow_iPhone.xib;
			sourceTree = "<group>";
		};
		3A56FD9913A2296500B87EEC /* MainWindow_iPad.xib */ = {
			isa = PBXVariantGroup;
			children = (
				3A56FD9A13A2296500B87EEC /* en */,
			);
			name = MainWindow_iPad.xib;
			sourceTree = "<group>";
		};
/* End PBXVariantGroup section */

/* Begin XCBuildConfiguration section */
		3A56FD9C13A2296500B87EEC /* Debug */ = {
			isa = XCBuildConfiguration;
			buildSettings = {
				ARCHS = "$(ARCHS_STANDARD_32_BIT)";
				"CODE_SIGN_IDENTITY[sdk=iphoneos*]" = "iPhone Developer";
				GCC_CHECK_RETURN_VALUE_OF_OPERATOR_NEW = YES;
				GCC_C_LANGUAGE_STANDARD = gnu99;
				GCC_OPTIMIZATION_LEVEL = s;
				GCC_PREPROCESSOR_DEFINITIONS = DEBUG;
				GCC_STRICT_ALIASING = YES;
				GCC_SYMBOLS_PRIVATE_EXTERN = NO;
				GCC_TREAT_IMPLICIT_FUNCTION_DECLARATIONS_AS_ERRORS = YES;
				GCC_TREAT_WARNINGS_AS_ERRORS = YES;
				GCC_UNROLL_LOOPS = NO;
				GCC_VERSION = com.apple.compilers.llvmgcc42;
				GCC_WARN_64_TO_32_BIT_CONVERSION = YES;
				GCC_WARN_ABOUT_MISSING_FIELD_INITIALIZERS = NO;
				GCC_WARN_ABOUT_MISSING_NEWLINE = YES;
				GCC_WARN_ABOUT_MISSING_PROTOTYPES = YES;
				GCC_WARN_ABOUT_RETURN_TYPE = YES;
				GCC_WARN_EFFECTIVE_CPLUSPLUS_VIOLATIONS = YES;
				GCC_WARN_FOUR_CHARACTER_CONSTANTS = YES;
				GCC_WARN_HIDDEN_VIRTUAL_FUNCTIONS = YES;
				GCC_WARN_INITIALIZER_NOT_FULLY_BRACKETED = YES;
				GCC_WARN_MULTIPLE_DEFINITION_TYPES_FOR_SELECTOR = NO;
				GCC_WARN_NON_VIRTUAL_DESTRUCTOR = YES;
				GCC_WARN_PEDANTIC = NO;
				GCC_WARN_SHADOW = YES;
				GCC_WARN_SIGN_COMPARE = YES;
				GCC_WARN_STRICT_SELECTOR_MATCH = YES;
				GCC_WARN_UNDECLARED_SELECTOR = YES;
				GCC_WARN_UNINITIALIZED_AUTOS = YES;
				GCC_WARN_UNKNOWN_PRAGMAS = YES;
				GCC_WARN_UNUSED_FUNCTION = YES;
				GCC_WARN_UNUSED_LABEL = YES;
				GCC_WARN_UNUSED_PARAMETER = NO;
				GCC_WARN_UNUSED_VARIABLE = YES;
				IPHONEOS_DEPLOYMENT_TARGET = 4.3;
				SDKROOT = iphoneos;
				TARGETED_DEVICE_FAMILY = "1,2";
			};
			name = Debug;
		};
		3A56FD9D13A2296500B87EEC /* Release */ = {
			isa = XCBuildConfiguration;
			buildSettings = {
				ARCHS = "$(ARCHS_STANDARD_32_BIT)";
				"CODE_SIGN_IDENTITY[sdk=iphoneos*]" = "iPhone Developer";
				GCC_CHECK_RETURN_VALUE_OF_OPERATOR_NEW = YES;
				GCC_C_LANGUAGE_STANDARD = gnu99;
				GCC_STRICT_ALIASING = YES;
				GCC_TREAT_IMPLICIT_FUNCTION_DECLARATIONS_AS_ERRORS = YES;
				GCC_TREAT_WARNINGS_AS_ERRORS = YES;
				GCC_UNROLL_LOOPS = NO;
				GCC_VERSION = com.apple.compilers.llvmgcc42;
				GCC_WARN_64_TO_32_BIT_CONVERSION = YES;
				GCC_WARN_ABOUT_MISSING_FIELD_INITIALIZERS = NO;
				GCC_WARN_ABOUT_MISSING_NEWLINE = YES;
				GCC_WARN_ABOUT_MISSING_PROTOTYPES = YES;
				GCC_WARN_ABOUT_RETURN_TYPE = YES;
				GCC_WARN_EFFECTIVE_CPLUSPLUS_VIOLATIONS = YES;
				GCC_WARN_FOUR_CHARACTER_CONSTANTS = YES;
				GCC_WARN_HIDDEN_VIRTUAL_FUNCTIONS = YES;
				GCC_WARN_INITIALIZER_NOT_FULLY_BRACKETED = YES;
				GCC_WARN_MULTIPLE_DEFINITION_TYPES_FOR_SELECTOR = NO;
				GCC_WARN_NON_VIRTUAL_DESTRUCTOR = YES;
				GCC_WARN_PEDANTIC = NO;
				GCC_WARN_SHADOW = YES;
				GCC_WARN_SIGN_COMPARE = YES;
				GCC_WARN_STRICT_SELECTOR_MATCH = YES;
				GCC_WARN_UNDECLARED_SELECTOR = YES;
				GCC_WARN_UNINITIALIZED_AUTOS = YES;
				GCC_WARN_UNKNOWN_PRAGMAS = YES;
				GCC_WARN_UNUSED_FUNCTION = YES;
				GCC_WARN_UNUSED_LABEL = YES;
				GCC_WARN_UNUSED_PARAMETER = NO;
				GCC_WARN_UNUSED_VARIABLE = YES;
				IPHONEOS_DEPLOYMENT_TARGET = 4.3;
				OTHER_CFLAGS = "-DNS_BLOCK_ASSERTIONS=1";
				SDKROOT = iphoneos;
				TARGETED_DEVICE_FAMILY = "1,2";
			};
			name = Release;
		};
		3A56FD9F13A2296500B87EEC /* Debug */ = {
			isa = XCBuildConfiguration;
			buildSettings = {
				ALWAYS_SEARCH_USER_PATHS = NO;
				COPY_PHASE_STRIP = NO;
				GCC_DYNAMIC_NO_PIC = NO;
				GCC_PRECOMPILE_PREFIX_HEADER = YES;
				GCC_PREFIX_HEADER = "Letstream/Letstream-Prefix.pch";
				INFOPLIST_FILE = "Letstream/Letstream-Info.plist";
				PRODUCT_NAME = "$(TARGET_NAME)";
				WRAPPER_EXTENSION = app;
			};
			name = Debug;
		};
		3A56FDA013A2296500B87EEC /* Release */ = {
			isa = XCBuildConfiguration;
			buildSettings = {
				ALWAYS_SEARCH_USER_PATHS = NO;
				COPY_PHASE_STRIP = YES;
				GCC_PRECOMPILE_PREFIX_HEADER = YES;
				GCC_PREFIX_HEADER = "Letstream/Letstream-Prefix.pch";
				INFOPLIST_FILE = "Letstream/Letstream-Info.plist";
				PRODUCT_NAME = "$(TARGET_NAME)";
				VALIDATE_PRODUCT = YES;
				WRAPPER_EXTENSION = app;
			};
			name = Release;
		};
/* End XCBuildConfiguration section */

/* Begin XCConfigurationList section */
		3A56FD6D13A2296400B87EEC /* Build configuration list for PBXProject "Letstream" */ = {
			isa = XCConfigurationList;
			buildConfigurations = (
				3A56FD9C13A2296500B87EEC /* Debug */,
				3A56FD9D13A2296500B87EEC /* Release */,
			);
			defaultConfigurationIsVisible = 0;
			defaultConfigurationName = Release;
		};
		3A56FD9E13A2296500B87EEC /* Build configuration list for PBXNativeTarget "Letstream" */ = {
			isa = XCConfigurationList;
			buildConfigurations = (
				3A56FD9F13A2296500B87EEC /* Debug */,
				3A56FDA013A2296500B87EEC /* Release */,
			);
			defaultConfigurationIsVisible = 0;
			defaultConfigurationName = Release;
		};
/* End XCConfigurationList section */

/* Begin XCVersionGroup section */
		3A56FD8B13A2296500B87EEC /* Letstream.xcdatamodeld */ = {
			isa = XCVersionGroup;
			children = (
				3A56FD8C13A2296500B87EEC /* Letstream.xcdatamodel */,
			);
			currentVersion = 3A56FD8C13A2296500B87EEC /* Letstream.xcdatamodel */;
			path = Letstream.xcdatamodeld;
			sourceTree = "<group>";
			versionGroupType = wrapper.xcdatamodel;
		};
/* End XCVersionGroup section */
	};
	rootObject = 3A56FD6A13A2296400B87EEC /* Project object */;
}
